
Microsoft Visual Studio Solution File, Format Version 12.00
# Visual Studio Version 17
VisualStudioVersion = 17.0.31903.59
MinimumVisualStudioVersion = 10.0.40219.1
Project("{2150E333-8FDC-42A3-9474-1A3956D46DE8}") = "Core", "Core", "{A1B2C3D4-E5F6-4A5B-8C9D-1E2F3A4B5C6D}"
EndProject
Project("{2150E333-8FDC-42A3-9474-1A3956D46DE8}") = "Infrastructure", "Infrastructure", "{B2C3D4E5-F6A7-4B5C-9D1E-2F3A4B5C6D7E}"
EndProject
Project("{2150E333-8FDC-42A3-9474-1A3956D46DE8}") = "Services", "Services", "{C3D4E5F6-A7B8-4C5D-1E2F-3A4B5C6D7E8F}"
EndProject
Project("{2150E333-8FDC-42A3-9474-1A3956D46DE8}") = "Tests", "Tests", "{D4E5F6A7-B8C9-4D5E-2F3A-4B5C6D7E8F9A}"
EndProject
Project("{FAE04EC0-301F-11D3-BF4B-00C04F79EFBC}") = "AdPulse.Core.AdEngine.Abstractions", "Core\AdPulse.Core.AdEngine.Abstractions\AdPulse.Core.AdEngine.Abstractions.csproj", "{11111111-1111-1111-1111-111111111111}"
EndProject
Project("{FAE04EC0-301F-11D3-BF4B-00C04F79EFBC}") = "AdPulse.Core.Domain", "Core\AdPulse.Core.Domain\AdPulse.Core.Domain.csproj", "{22222222-2222-2222-2222-222222222222}"
EndProject
Project("{FAE04EC0-301F-11D3-BF4B-00C04F79EFBC}") = "AdPulse.Core.Shared", "Core\AdPulse.Core.Shared\AdPulse.Core.Shared.csproj", "{33333333-3333-3333-3333-333333333333}"
EndProject
Project("{FAE04EC0-301F-11D3-BF4B-00C04F79EFBC}") = "AdPulse.Infrastructure.Common", "Infrastructure\AdPulse.Infrastructure.Common\AdPulse.Infrastructure.Common.csproj", "{44444444-4444-4444-4444-444444444444}"
EndProject
Project("{FAE04EC0-301F-11D3-BF4B-00C04F79EFBC}") = "AdPulse.Infrastructure.DependencyInjection", "Infrastructure\AdPulse.Infrastructure.DependencyInjection\AdPulse.Infrastructure.DependencyInjection.csproj", "{55555555-5555-5555-5555-555555555555}"
EndProject
Project("{FAE04EC0-301F-11D3-BF4B-00C04F79EFBC}") = "AdPulse.AdEngine", "Services\AdPulse.AdEngine\AdPulse.AdEngine.csproj", "{66666666-6666-6666-6666-666666666666}"
EndProject
Project("{FAE04EC0-301F-11D3-BF4B-00C04F79EFBC}") = "AdPulse.Tests.Unit", "Tests\AdPulse.Tests.Unit\AdPulse.Tests.Unit.csproj", "{88888888-8888-8888-8888-888888888888}"
EndProject
Project("{FAE04EC0-301F-11D3-BF4B-00C04F79EFBC}") = "AdPulse.API", "Services\AdPulse.API\AdPulse.API.csproj", "{C0CAC138-2E22-4E52-953E-3E71AFA18EB8}"
EndProject
Global
	GlobalSection(SolutionConfigurationPlatforms) = preSolution
		Debug|Any CPU = Debug|Any CPU
		Debug|x64 = Debug|x64
		Debug|x86 = Debug|x86
		Release|Any CPU = Release|Any CPU
		Release|x64 = Release|x64
		Release|x86 = Release|x86
	EndGlobalSection
	GlobalSection(ProjectConfigurationPlatforms) = postSolution
		{11111111-1111-1111-1111-111111111111}.Debug|Any CPU.ActiveCfg = Debug|Any CPU
		{11111111-1111-1111-1111-111111111111}.Debug|Any CPU.Build.0 = Debug|Any CPU
		{11111111-1111-1111-1111-111111111111}.Debug|x64.ActiveCfg = Debug|Any CPU
		{11111111-1111-1111-1111-111111111111}.Debug|x64.Build.0 = Debug|Any CPU
		{11111111-1111-1111-1111-111111111111}.Debug|x86.ActiveCfg = Debug|Any CPU
		{11111111-1111-1111-1111-111111111111}.Debug|x86.Build.0 = Debug|Any CPU
		{11111111-1111-1111-1111-111111111111}.Release|Any CPU.ActiveCfg = Release|Any CPU
		{11111111-1111-1111-1111-111111111111}.Release|Any CPU.Build.0 = Release|Any CPU
		{11111111-1111-1111-1111-111111111111}.Release|x64.ActiveCfg = Release|Any CPU
		{11111111-1111-1111-1111-111111111111}.Release|x64.Build.0 = Release|Any CPU
		{11111111-1111-1111-1111-111111111111}.Release|x86.ActiveCfg = Release|Any CPU
		{11111111-1111-1111-1111-111111111111}.Release|x86.Build.0 = Release|Any CPU
		{22222222-2222-2222-2222-222222222222}.Debug|Any CPU.ActiveCfg = Debug|Any CPU
		{22222222-2222-2222-2222-222222222222}.Debug|Any CPU.Build.0 = Debug|Any CPU
		{22222222-2222-2222-2222-222222222222}.Debug|x64.ActiveCfg = Debug|Any CPU
		{22222222-2222-2222-2222-222222222222}.Debug|x64.Build.0 = Debug|Any CPU
		{22222222-2222-2222-2222-222222222222}.Debug|x86.ActiveCfg = Debug|Any CPU
		{22222222-2222-2222-2222-222222222222}.Debug|x86.Build.0 = Debug|Any CPU
		{22222222-2222-2222-2222-222222222222}.Release|Any CPU.ActiveCfg = Release|Any CPU
		{22222222-2222-2222-2222-222222222222}.Release|Any CPU.Build.0 = Release|Any CPU
		{22222222-2222-2222-2222-222222222222}.Release|x64.ActiveCfg = Release|Any CPU
		{22222222-2222-2222-2222-222222222222}.Release|x64.Build.0 = Release|Any CPU
		{22222222-2222-2222-2222-222222222222}.Release|x86.ActiveCfg = Release|Any CPU
		{22222222-2222-2222-2222-222222222222}.Release|x86.Build.0 = Release|Any CPU
		{33333333-3333-3333-3333-333333333333}.Debug|Any CPU.ActiveCfg = Debug|Any CPU
		{33333333-3333-3333-3333-333333333333}.Debug|Any CPU.Build.0 = Debug|Any CPU
		{33333333-3333-3333-3333-333333333333}.Debug|x64.ActiveCfg = Debug|Any CPU
		{33333333-3333-3333-3333-333333333333}.Debug|x64.Build.0 = Debug|Any CPU
		{33333333-3333-3333-3333-333333333333}.Debug|x86.ActiveCfg = Debug|Any CPU
		{33333333-3333-3333-3333-333333333333}.Debug|x86.Build.0 = Debug|Any CPU
		{33333333-3333-3333-3333-333333333333}.Release|Any CPU.ActiveCfg = Release|Any CPU
		{33333333-3333-3333-3333-333333333333}.Release|Any CPU.Build.0 = Release|Any CPU
		{33333333-3333-3333-3333-333333333333}.Release|x64.ActiveCfg = Release|Any CPU
		{33333333-3333-3333-3333-333333333333}.Release|x64.Build.0 = Release|Any CPU
		{33333333-3333-3333-3333-333333333333}.Release|x86.ActiveCfg = Release|Any CPU
		{33333333-3333-3333-3333-333333333333}.Release|x86.Build.0 = Release|Any CPU
		{44444444-4444-4444-4444-444444444444}.Debug|Any CPU.ActiveCfg = Debug|Any CPU
		{44444444-4444-4444-4444-444444444444}.Debug|Any CPU.Build.0 = Debug|Any CPU
		{44444444-4444-4444-4444-444444444444}.Debug|x64.ActiveCfg = Debug|Any CPU
		{44444444-4444-4444-4444-444444444444}.Debug|x64.Build.0 = Debug|Any CPU
		{44444444-4444-4444-4444-444444444444}.Debug|x86.ActiveCfg = Debug|Any CPU
		{44444444-4444-4444-4444-444444444444}.Debug|x86.Build.0 = Debug|Any CPU
		{44444444-4444-4444-4444-444444444444}.Release|Any CPU.ActiveCfg = Release|Any CPU
		{44444444-4444-4444-4444-444444444444}.Release|Any CPU.Build.0 = Release|Any CPU
		{44444444-4444-4444-4444-444444444444}.Release|x64.ActiveCfg = Release|Any CPU
		{44444444-4444-4444-4444-444444444444}.Release|x64.Build.0 = Release|Any CPU
		{44444444-4444-4444-4444-444444444444}.Release|x86.ActiveCfg = Release|Any CPU
		{44444444-4444-4444-4444-444444444444}.Release|x86.Build.0 = Release|Any CPU
		{55555555-5555-5555-5555-555555555555}.Debug|Any CPU.ActiveCfg = Debug|Any CPU
		{55555555-5555-5555-5555-555555555555}.Debug|Any CPU.Build.0 = Debug|Any CPU
		{55555555-5555-5555-5555-555555555555}.Debug|x64.ActiveCfg = Debug|Any CPU
		{55555555-5555-5555-5555-555555555555}.Debug|x64.Build.0 = Debug|Any CPU
		{55555555-5555-5555-5555-555555555555}.Debug|x86.ActiveCfg = Debug|Any CPU
		{55555555-5555-5555-5555-555555555555}.Debug|x86.Build.0 = Debug|Any CPU
		{55555555-5555-5555-5555-555555555555}.Release|Any CPU.ActiveCfg = Release|Any CPU
		{55555555-5555-5555-5555-555555555555}.Release|Any CPU.Build.0 = Release|Any CPU
		{55555555-5555-5555-5555-555555555555}.Release|x64.ActiveCfg = Release|Any CPU
		{55555555-5555-5555-5555-555555555555}.Release|x64.Build.0 = Release|Any CPU
		{55555555-5555-5555-5555-555555555555}.Release|x86.ActiveCfg = Release|Any CPU
		{55555555-5555-5555-5555-555555555555}.Release|x86.Build.0 = Release|Any CPU
		{66666666-6666-6666-6666-666666666666}.Debug|Any CPU.ActiveCfg = Debug|Any CPU
		{66666666-6666-6666-6666-666666666666}.Debug|Any CPU.Build.0 = Debug|Any CPU
		{66666666-6666-6666-6666-666666666666}.Debug|x64.ActiveCfg = Debug|Any CPU
		{66666666-6666-6666-6666-666666666666}.Debug|x64.Build.0 = Debug|Any CPU
		{66666666-6666-6666-6666-666666666666}.Debug|x86.ActiveCfg = Debug|Any CPU
		{66666666-6666-6666-6666-666666666666}.Debug|x86.Build.0 = Debug|Any CPU
		{66666666-6666-6666-6666-666666666666}.Release|Any CPU.ActiveCfg = Release|Any CPU
		{66666666-6666-6666-6666-666666666666}.Release|Any CPU.Build.0 = Release|Any CPU
		{66666666-6666-6666-6666-666666666666}.Release|x64.ActiveCfg = Release|Any CPU
		{66666666-6666-6666-6666-666666666666}.Release|x64.Build.0 = Release|Any CPU
		{66666666-6666-6666-6666-666666666666}.Release|x86.ActiveCfg = Release|Any CPU
		{66666666-6666-6666-6666-666666666666}.Release|x86.Build.0 = Release|Any CPU
		{88888888-8888-8888-8888-888888888888}.Debug|Any CPU.ActiveCfg = Debug|Any CPU
		{88888888-8888-8888-8888-888888888888}.Debug|Any CPU.Build.0 = Debug|Any CPU
		{88888888-8888-8888-8888-888888888888}.Debug|x64.ActiveCfg = Debug|Any CPU
		{88888888-8888-8888-8888-888888888888}.Debug|x64.Build.0 = Debug|Any CPU
		{88888888-8888-8888-8888-888888888888}.Debug|x86.ActiveCfg = Debug|Any CPU
		{88888888-8888-8888-8888-888888888888}.Debug|x86.Build.0 = Debug|Any CPU
		{88888888-8888-8888-8888-888888888888}.Release|Any CPU.ActiveCfg = Release|Any CPU
		{88888888-8888-8888-8888-888888888888}.Release|Any CPU.Build.0 = Release|Any CPU
		{88888888-8888-8888-8888-888888888888}.Release|x64.ActiveCfg = Release|Any CPU
		{88888888-8888-8888-8888-888888888888}.Release|x64.Build.0 = Release|Any CPU
		{88888888-8888-8888-8888-888888888888}.Release|x86.ActiveCfg = Release|Any CPU
		{88888888-8888-8888-8888-888888888888}.Release|x86.Build.0 = Release|Any CPU
		{C0CAC138-2E22-4E52-953E-3E71AFA18EB8}.Debug|Any CPU.ActiveCfg = Debug|Any CPU
		{C0CAC138-2E22-4E52-953E-3E71AFA18EB8}.Debug|Any CPU.Build.0 = Debug|Any CPU
		{C0CAC138-2E22-4E52-953E-3E71AFA18EB8}.Debug|x64.ActiveCfg = Debug|Any CPU
		{C0CAC138-2E22-4E52-953E-3E71AFA18EB8}.Debug|x64.Build.0 = Debug|Any CPU
		{C0CAC138-2E22-4E52-953E-3E71AFA18EB8}.Debug|x86.ActiveCfg = Debug|Any CPU
		{C0CAC138-2E22-4E52-953E-3E71AFA18EB8}.Debug|x86.Build.0 = Debug|Any CPU
		{C0CAC138-2E22-4E52-953E-3E71AFA18EB8}.Release|Any CPU.ActiveCfg = Release|Any CPU
		{C0CAC138-2E22-4E52-953E-3E71AFA18EB8}.Release|Any CPU.Build.0 = Release|Any CPU
		{C0CAC138-2E22-4E52-953E-3E71AFA18EB8}.Release|x64.ActiveCfg = Release|Any CPU
		{C0CAC138-2E22-4E52-953E-3E71AFA18EB8}.Release|x64.Build.0 = Release|Any CPU
		{C0CAC138-2E22-4E52-953E-3E71AFA18EB8}.Release|x86.ActiveCfg = Release|Any CPU
		{C0CAC138-2E22-4E52-953E-3E71AFA18EB8}.Release|x86.Build.0 = Release|Any CPU
	EndGlobalSection
	GlobalSection(SolutionProperties) = preSolution
		HideSolutionNode = FALSE
	EndGlobalSection
	GlobalSection(NestedProjects) = preSolution
		{11111111-1111-1111-1111-111111111111} = {A1B2C3D4-E5F6-4A5B-8C9D-1E2F3A4B5C6D}
		{22222222-2222-2222-2222-222222222222} = {A1B2C3D4-E5F6-4A5B-8C9D-1E2F3A4B5C6D}
		{33333333-3333-3333-3333-333333333333} = {A1B2C3D4-E5F6-4A5B-8C9D-1E2F3A4B5C6D}
		{44444444-4444-4444-4444-444444444444} = {B2C3D4E5-F6A7-4B5C-9D1E-2F3A4B5C6D7E}
		{55555555-5555-5555-5555-555555555555} = {B2C3D4E5-F6A7-4B5C-9D1E-2F3A4B5C6D7E}
		{66666666-6666-6666-6666-666666666666} = {C3D4E5F6-A7B8-4C5D-1E2F-3A4B5C6D7E8F}
		{88888888-8888-8888-8888-888888888888} = {D4E5F6A7-B8C9-4D5E-2F3A-4B5C6D7E8F9A}
		{C0CAC138-2E22-4E52-953E-3E71AFA18EB8} = {C3D4E5F6-A7B8-4C5D-1E2F-3A4B5C6D7E8F}
	EndGlobalSection
EndGlobal
